---
schema: '2.0'
stages:
  build:
    cmd: stages/02_unzip_build.sh
    deps:
    - md5: 93800543c2b7b5b356be95a719751095.dir
      nfiles: 1
      path: download
      size: 708983578
    - md5: 665e6374298e857c1a93b545d5561de6
      path: stages/02_unzip_build.sh
      size: 515
    - md5: 08afc83d21f324fed840463c3aa99c6b
      path: stages/sdf2parquet.py
      size: 1390
    outs:
    - md5: 15e301e1c5738db1d1edf98230d1fbfa.dir
      nfiles: 1
      path: brick
      size: 85814236
  download:
    cmd: stages/01_download.sh
    deps:
    - md5: 0300f721b46f955ab7d29631917e660d
      path: stages/01_download.sh
      size: 627
    outs:
    - md5: 393624e2f6c9d858041f11168caa7601.dir
      nfiles: 1
      path: download
      size: 118798806
